// !$*UTF8*$!
{
	archiveVersion = 1;
	classes = {
	};
	objectVersion = 50;
	objects = {

/* Begin PBXBuildFile section */
		DC5D8CD9252647DD000ABA9D /* AppDelegate.swift in Sources */ = {isa = PBXBuildFile; fileRef = DC5D8CD8252647DD000ABA9D /* AppDelegate.swift */; };
		DC5D8CDB252647DD000ABA9D /* ViewController.swift in Sources */ = {isa = PBXBuildFile; fileRef = DC5D8CDA252647DD000ABA9D /* ViewController.swift */; };
		DC5D8CDE252647DD000ABA9D /* Main.storyboard in Resources */ = {isa = PBXBuildFile; fileRef = DC5D8CDC252647DD000ABA9D /* Main.storyboard */; };
		DC5D8CE0252647DE000ABA9D /* Assets.xcassets in Resources */ = {isa = PBXBuildFile; fileRef = DC5D8CDF252647DE000ABA9D /* Assets.xcassets */; };
		DC5D8CE3252647DE000ABA9D /* LaunchScreen.storyboard in Resources */ = {isa = PBXBuildFile; fileRef = DC5D8CE1252647DE000ABA9D /* LaunchScreen.storyboard */; };
		FCBD97292529123A00F87C60 /* TableViewController.swift in Sources */ = {isa = PBXBuildFile; fileRef = FCBD97282529123A00F87C60 /* TableViewController.swift */; };
		FCBD972C2529264400F87C60 /* ComidaViewController.swift in Sources */ = {isa = PBXBuildFile; fileRef = FCBD972B2529264400F87C60 /* ComidaViewController.swift */; };
/* End PBXBuildFile section */

/* Begin PBXFileReference section */
		DC5D8CD5252647DD000ABA9D /* Projeto_Final_Samuel.app */ = {isa = PBXFileReference; explicitFileType = wrapper.application; includeInIndex = 0; path = Projeto_Final_Samuel.app; sourceTree = BUILT_PRODUCTS_DIR; };
		DC5D8CD8252647DD000ABA9D /* AppDelegate.swift */ = {isa = PBXFileReference; lastKnownFileType = sourcecode.swift; path = AppDelegate.swift; sourceTree = "<group>"; };
		DC5D8CDA252647DD000ABA9D /* ViewController.swift */ = {isa = PBXFileReference; lastKnownFileType = sourcecode.swift; path = ViewController.swift; sourceTree = "<group>"; };
		DC5D8CDD252647DD000ABA9D /* Base */ = {isa = PBXFileReference; lastKnownFileType = file.storyboard; name = Base; path = Base.lproj/Main.storyboard; sourceTree = "<group>"; };
		DC5D8CDF252647DE000ABA9D /* Assets.xcassets */ = {isa = PBXFileReference; lastKnownFileType = folder.assetcatalog; path = Assets.xcassets; sourceTree = "<group>"; };
		DC5D8CE2252647DE000ABA9D /* Base */ = {isa = PBXFileReference; lastKnownFileType = file.storyboard; name = Base; path = Base.lproj/LaunchScreen.storyboard; sourceTree = "<group>"; };
		DC5D8CE4252647DE000ABA9D /* Info.plist */ = {isa = PBXFileReference; lastKnownFileType = text.plist.xml; path = Info.plist; sourceTree = "<group>"; };
		FCBD97282529123A00F87C60 /* TableViewController.swift */ = {isa = PBXFileReference; lastKnownFileType = sourcecode.swift; path = TableViewController.swift; sourceTree = "<group>"; };
		FCBD972B2529264400F87C60 /* ComidaViewController.swift */ = {isa = PBXFileReference; lastKnownFileType = sourcecode.swift; path = ComidaViewController.swift; sourceTree = "<group>"; };
/* End PBXFileReference section */

/* Begin PBXFrameworksBuildPhase section */
		DC5D8CD2252647DD000ABA9D /* Frameworks */ = {
			isa = PBXFrameworksBuildPhase;
			buildActionMask = 2147483647;
			files = (
			);
			runOnlyForDeploymentPostprocessing = 0;
		};
/* End PBXFrameworksBuildPhase section */

/* Begin PBXGroup section */
		DC5D8CCC252647DD000ABA9D = {
			isa = PBXGroup;
			children = (
				DC5D8CD7252647DD000ABA9D /* Projeto_Final_Samuel */,
				DC5D8CD6252647DD000ABA9D /* Products */,
			);
			sourceTree = "<group>";
		};
		DC5D8CD6252647DD000ABA9D /* Products */ = {
			isa = PBXGroup;
			children = (
				DC5D8CD5252647DD000ABA9D /* Projeto_Final_Samuel.app */,
			);
			name = Products;
			sourceTree = "<group>";
		};
		DC5D8CD7252647DD000ABA9D /* Projeto_Final_Samuel */ = {
			isa = PBXGroup;
			children = (
				DC5D8CD8252647DD000ABA9D /* AppDelegate.swift */,
				DC5D8CDA252647DD000ABA9D /* ViewController.swift */,
				FCBD972B2529264400F87C60 /* ComidaViewController.swift */,
				FCBD97282529123A00F87C60 /* TableViewController.swift */,
				DC5D8CDC252647DD000ABA9D /* Main.storyboard */,
				DC5D8CDF252647DE000ABA9D /* Assets.xcassets */,
				DC5D8CE1252647DE000ABA9D /* LaunchScreen.storyboard */,
				DC5D8CE4252647DE000ABA9D /* Info.plist */,
			);
			path = Projeto_Final_Samuel;
			sourceTree = "<group>";
		};
/* End PBXGroup section */

/* Begin PBXNativeTarget section */
		DC5D8CD4252647DD000ABA9D /* Projeto_Final_Samuel */ = {
			isa = PBXNativeTarget;
			buildConfigurationList = DC5D8CE7252647DE000ABA9D /* Build configuration list for PBXNativeTarget "Projeto_Final_Samuel" */;
			buildPhases = (
				DC5D8CD1252647DD000ABA9D /* Sources */,
				DC5D8CD2252647DD000ABA9D /* Frameworks */,
				DC5D8CD3252647DD000ABA9D /* Resources */,
			);
			buildRules = (
			);
			dependencies = (
			);
			name = Projeto_Final_Samuel;
			productName = Projeto_Final_Samuel;
			productReference = DC5D8CD5252647DD000ABA9D /* Projeto_Final_Samuel.app */;
			productType = "com.apple.product-type.application";
		};
/* End PBXNativeTarget section */

/* Begin PBXProject section */
		DC5D8CCD252647DD000ABA9D /* Project object */ = {
			isa = PBXProject;
			attributes = {
				LastSwiftUpdateCheck = 1020;
				LastUpgradeCheck = 1020;
				ORGANIZATIONNAME = Cotemig;
				TargetAttributes = {
					DC5D8CD4252647DD000ABA9D = {
						CreatedOnToolsVersion = 10.2.1;
					};
				};
			};
			buildConfigurationList = DC5D8CD0252647DD000ABA9D /* Build configuration list for PBXProject "Projeto_Final_Samuel" */;
			compatibilityVersion = "Xcode 9.3";
			developmentRegion = en;
			hasScannedForEncodings = 0;
			knownRegions = (
				en,
				Base,
			);
			mainGroup = DC5D8CCC252647DD000ABA9D;
			productRefGroup = DC5D8CD6252647DD000ABA9D /* Products */;
			projectDirPath = "";
			projectRoot = "";
			targets = (
				DC5D8CD4252647DD000ABA9D /* Projeto_Final_Samuel */,
			);
		};
/* End PBXProject section */

/* Begin PBXResourcesBuildPhase section */
		DC5D8CD3252647DD000ABA9D /* Resources */ = {
			isa = PBXResourcesBuildPhase;
			buildActionMask = 2147483647;
			files = (
				DC5D8CE3252647DE000ABA9D /* LaunchScreen.storyboard in Resources */,
				DC5D8CE0252647DE000ABA9D /* Assets.xcassets in Resources */,
				DC5D8CDE252647DD000ABA9D /* Main.storyboard in Resources */,
			);
			runOnlyForDeploymentPostprocessing = 0;
		};
/* End PBXResourcesBuildPhase section */

/* Begin PBXSourcesBuildPhase section */
		DC5D8CD1252647DD000ABA9D /* Sources */ = {
			isa = PBXSourcesBuildPhase;
			buildActionMask = 2147483647;
			files = (
				DC5D8CDB252647DD000ABA9D /* ViewController.swift in Sources */,
				FCBD972C2529264400F87C60 /* ComidaViewController.swift in Sources */,
				FCBD97292529123A00F87C60 /* TableViewController.swift in Sources */,
				DC5D8CD9252647DD000ABA9D /* AppDelegate.swift in Sources */,
			);
			runOnlyForDeploymentPostprocessing = 0;
		};
/* End PBXSourcesBuildPhase section */

/* Begin PBXVariantGroup section */
		DC5D8CDC252647DD000ABA9D /* Main.storyboard */ = {
			isa = PBXVariantGroup;
			children = (
				DC5D8CDD252647DD000ABA9D /* Base */,
			);
			name = Main.storyboard;
			sourceTree = "<group>";
		};
		DC5D8CE1252647DE000ABA9D /* LaunchScreen.storyboard */ = {
			isa = PBXVariantGroup;
			children = (
				DC5D8CE2252647DE000ABA9D /* Base */,
			);
			name = LaunchScreen.storyboard;
			sourceTree = "<group>";
		};
/* End PBXVariantGroup section */

/* Begin XCBuildConfiguration section */
		DC5D8CE5252647DE000ABA9D /* Debug */ = {
			isa = XCBuildConfiguration;
			buildSettings = {
				ALWAYS_SEARCH_USER_PATHS = NO;
				CLANG_ANALYZER_NONNULL = YES;
				CLANG_ANALYZER_NUMBER_OBJECT_CONVERSION = YES_AGGRESSIVE;
				CLANG_CXX_LANGUAGE_STANDARD = "gnu++14";
				CLANG_CXX_LIBRARY = "libc++";
				CLANG_ENABLE_MODULES = YES;
				CLANG_ENABLE_OBJC_ARC = YES;
				CLANG_ENABLE_OBJC_WEAK = YES;
				CLANG_WARN_BLOCK_CAPTURE_AUTORELEASING = YES;
				CLANG_WARN_BOOL_CONVERSION = YES;
				CLANG_WARN_COMMA = YES;
				CLANG_WARN_CONSTANT_CONVERSION = YES;
				CLANG_WARN_DEPRECATED_OBJC_IMPLEMENTATIONS = YES;
				CLANG_WARN_DIRECT_OBJC_ISA_USAGE = YES_ERROR;
				CLANG_WARN_DOCUMENTATION_COMMENTS = YES;
				CLANG_WARN_EMPTY_BODY = YES;
				CLANG_WARN_ENUM_CONVERSION = YES;
				CLANG_WARN_INFINITE_RECURSION = YES;
				CLANG_WARN_INT_CONVERSION = YES;
				CLANG_WARN_NON_LITERAL_NULL_CONVERSION = YES;
				CLANG_WARN_OBJC_IMPLICIT_RETAIN_SELF = YES;
				CLANG_WARN_OBJC_LITERAL_CONVERSION = YES;
				CLANG_WARN_OBJC_ROOT_CLASS = YES_ERROR;
				CLANG_WARN_RANGE_LOOP_ANALYSIS = YES;
				CLANG_WARN_STRICT_PROTOTYPES = YES;
				CLANG_WARN_SUSPICIOUS_MOVE = YES;
				CLANG_WARN_UNGUARDED_AVAILABILITY = YES_AGGRESSIVE;
				CLANG_WARN_UNREACHABLE_CODE = YES;
				CLANG_WARN__DUPLICATE_METHOD_MATCH = YES;
				CODE_SIGN_IDENTITY = "iPhone Developer";
				COPY_PHASE_STRIP = NO;
				DEBUG_INFORMATION_FORMAT = dwarf;
				ENABLE_STRICT_OBJC_MSGSEND = YES;
				ENABLE_TESTABILITY = YES;
				GCC_C_LANGUAGE_STANDARD = gnu11;
				GCC_DYNAMIC_NO_PIC = NO;
				GCC_NO_COMMON_BLOCKS = YES;
				GCC_OPTIMIZATION_LEVEL = 0;
				GCC_PREPROCESSOR_DEFINITIONS = (
					"DEBUG=1",
					"$(inherited)",
				);
				GCC_WARN_64_TO_32_BIT_CONVERSION = YES;
				GCC_WARN_ABOUT_RETURN_TYPE = YES_ERROR;
				GCC_WARN_UNDECLARED_SELECTOR = YES;
				GCC_WARN_UNINITIALIZED_AUTOS = YES_AGGRESSIVE;
				GCC_WARN_UNUSED_FUNCTION = YES;
				GCC_WARN_UNUSED_VARIABLE = YES;
				IPHONEOS_DEPLOYMENT_TARGET = 12.2;
				MTL_ENABLE_DEBUG_INFO = INCLUDE_SOURCE;
				MTL_FAST_MATH = YES;
				ONLY_ACTIVE_ARCH = YES;
				SDKROOT = iphoneos;
				SWIFT_ACTIVE_COMPILATION_CONDITIONS = DEBUG;
				SWIFT_OPTIMIZATION_LEVEL = "-Onone";
			};
			name = Debug;
		};
		DC5D8CE6252647DE000ABA9D /* Release */ = {
			isa = XCBuildConfiguration;
			buildSettings = {
				ALWAYS_SEARCH_USER_PATHS = NO;
				CLANG_ANALYZER_NONNULL = YES;
				CLANG_ANALYZER_NUMBER_OBJECT_CONVERSION = YES_AGGRESSIVE;
				CLANG_CXX_LANGUAGE_STANDARD = "gnu++14";
				CLANG_CXX_LIBRARY = "libc++";
				CLANG_ENABLE_MODULES = YES;
				CLANG_ENABLE_OBJC_ARC = YES;
				CLANG_ENABLE_OBJC_WEAK = YES;
				CLANG_WARN_BLOCK_CAPTURE_AUTORELEASING = YES;
				CLANG_WARN_BOOL_CONVERSION = YES;
				CLANG_WARN_COMMA = YES;
				CLANG_WARN_CONSTANT_CONVERSION = YES;
				CLANG_WARN_DEPRECATED_OBJC_IMPLEMENTATIONS = YES;
				CLANG_WARN_DIRECT_OBJC_ISA_USAGE = YES_ERROR;
				CLANG_WARN_DOCUMENTATION_COMMENTS = YES;
				CLANG_WARN_EMPTY_BODY = YES;
				CLANG_WARN_ENUM_CONVERSION = YES;
				CLANG_WARN_INFINITE_RECURSION = YES;
				CLANG_WARN_INT_CONVERSION = YES;
				CLANG_WARN_NON_LITERAL_NULL_CONVERSION = YES;
				CLANG_WARN_OBJC_IMPLICIT_RETAIN_SELF = YES;
				CLANG_WARN_OBJC_LITERAL_CONVERSION = YES;
				CLANG_WARN_OBJC_ROOT_CLASS = YES_ERROR;
				CLANG_WARN_RANGE_LOOP_ANALYSIS = YES;
				CLANG_WARN_STRICT_PROTOTYPES = YES;
				CLANG_WARN_SUSPICIOUS_MOVE = YES;
				CLANG_WARN_UNGUARDED_AVAILABILITY = YES_AGGRESSIVE;
				CLANG_WARN_UNREACHABLE_CODE = YES;
				CLANG_WARN__DUPLICATE_METHOD_MATCH = YES;
				CODE_SIGN_IDENTITY = "iPhone Developer";
				COPY_PHASE_STRIP = NO;
				DEBUG_INFORMATION_FORMAT = "dwarf-with-dsym";
				ENABLE_NS_ASSERTIONS = NO;
				ENABLE_STRICT_OBJC_MSGSEND = YES;
				GCC_C_LANGUAGE_STANDARD = gnu11;
				GCC_NO_COMMON_BLOCKS = YES;
				GCC_WARN_64_TO_32_BIT_CONVERSION = YES;
				GCC_WARN_ABOUT_RETURN_TYPE = YES_ERROR;
				GCC_WARN_UNDECLARED_SELECTOR = YES;
				GCC_WARN_UNINITIALIZED_AUTOS = YES_AGGRESSIVE;
				GCC_WARN_UNUSED_FUNCTION = YES;
				GCC_WARN_UNUSED_VARIABLE = YES;
				IPHONEOS_DEPLOYMENT_TARGET = 12.2;
				MTL_ENABLE_DEBUG_INFO = NO;
				MTL_FAST_MATH = YES;
				SDKROOT = iphoneos;
				SWIFT_COMPILATION_MODE = wholemodule;
				SWIFT_OPTIMIZATION_LEVEL = "-O";
				VALIDATE_PRODUCT = YES;
			};
			name = Release;
		};
		DC5D8CE8252647DE000ABA9D /* Debug */ = {
			isa = XCBuildConfiguration;
			buildSettings = {
				ASSETCATALOG_COMPILER_APPICON_NAME = AppIcon;
				CODE_SIGN_STYLE = Automatic;
				INFOPLIST_FILE = Projeto_Final_Samuel/Info.plist;
				LD_RUNPATH_SEARCH_PATHS = (
					"$(inherited)",
					"@executable_path/Frameworks",
				);
				PRODUCT_BUNDLE_IDENTIFIER = "br.com.cotemig.Projeto-Final-Samuel";
				PRODUCT_NAME = "$(TARGET_NAME)";
				SWIFT_VERSION = 5.0;
				TARGETED_DEVICE_FAMILY = "1,2";
			};
			name = Debug;
		};
		DC5D8CE9252647DE000ABA9D /* Release */ = {
			isa = XCBuildConfiguration;
			buildSettings = {
				ASSETCATALOG_COMPILER_APPICON_NAME = AppIcon;
				CODE_SIGN_STYLE = Automatic;
				INFOPLIST_FILE = Projeto_Final_Samuel/Info.plist;
				LD_RUNPATH_SEARCH_PATHS = (
					"$(inherited)",
					"@executable_path/Frameworks",
				);
				PRODUCT_BUNDLE_IDENTIFIER = "br.com.cotemig.Projeto-Final-Samuel";
				PRODUCT_NAME = "$(TARGET_NAME)";
				SWIFT_VERSION = 5.0;
				TARGETED_DEVICE_FAMILY = "1,2";
			};
			name = Release;
		};
/* End XCBuildConfiguration section */

/* Begin XCConfigurationList section */
		DC5D8CD0252647DD000ABA9D /* Build configuration list for PBXProject "Projeto_Final_Samuel" */ = {
			isa = XCConfigurationList;
			buildConfigurations = (
				DC5D8CE5252647DE000ABA9D /* Debug */,
				DC5D8CE6252647DE000ABA9D /* Release */,
			);
			defaultConfigurationIsVisible = 0;
			defaultConfigurationName = Release;
		};
		DC5D8CE7252647DE000ABA9D /* Build configuration list for PBXNativeTarget "Projeto_Final_Samuel" */ = {
			isa = XCConfigurationList;
			buildConfigurations = (
				DC5D8CE8252647DE000ABA9D /* Debug */,
				DC5D8CE9252647DE000ABA9D /* Release */,
			);
			defaultConfigurationIsVisible = 0;
			defaultConfigurationName = Release;
		};
/* End XCConfigurationList section */
	};
	rootObject = DC5D8CCD252647DD000ABA9D /* Project object */;
}
